schema: '2.0'
stages:
  data_collection:
    cmd: python src/data/data_collection.py
    deps:
    - path: src/data/data_collection.py
      hash: md5
      md5: 5f867db154251327b3d8f35a1de40192
      size: 2192
    params:
      params.yaml:
        data_collection.test_size: 0.2
    outs:
    - path: data/raw
      hash: md5
      md5: c0c2d65c14a603e91e029fda3c344a5c.dir
      size: 522262
      nfiles: 2
  data_preprocess:
    cmd: python src/data/data_prep.py
    deps:
    - path: data/raw
      hash: md5
      md5: c0c2d65c14a603e91e029fda3c344a5c.dir
      size: 522262
      nfiles: 2
    - path: src/data/data_prep.py
      hash: md5
      md5: 6391acf0f6bbd864224275727a0e5ac0
      size: 2007
    outs:
    - path: data/processed
      hash: md5
      md5: 50cb8001cd56bb2743fd3102227ab870.dir
      size: 546137
      nfiles: 2
  model_building:
    cmd: python src/model/model_building.py
    deps:
    - path: data/processed
      hash: md5
      md5: 50cb8001cd56bb2743fd3102227ab870.dir
      size: 546137
      nfiles: 2
    - path: src/model/model_building.py
      hash: md5
      md5: 1042490af8fed8196098006ce8c04777
      size: 2505
    params:
      params.yaml:
        model_building.n_estimators: 1000
    outs:
    - path: models/model.pkl
      hash: md5
      md5: 0690b27121d4bd96737f7a6b40e875e4
      size: 73600228
  model_evaluation:
    cmd: python src/model/model_eval.py
    deps:
    - path: data/processed
      hash: md5
      md5: 50cb8001cd56bb2743fd3102227ab870.dir
      size: 546137
      nfiles: 2
    - path: models/model.pkl
      hash: md5
      md5: 0690b27121d4bd96737f7a6b40e875e4
      size: 73600228
    - path: src/model/model_eval.py
      hash: md5
      md5: 293a4e9ca4d3c46e8337a764fab7211b
      size: 2719
    outs:
    - path: reports/metrics.json
      hash: md5
      md5: 70a491a1b2ba3ec94aa3d8cbd14c556a
      size: 140
