schema: '2.0'
stages:
  data_collection:
    cmd: python src/data/data_collection.py
    deps:
    - path: src/data/data_collection.py
      hash: md5
      md5: 5f867db154251327b3d8f35a1de40192
      size: 2192
    params:
      params.yaml:
        data_collection.test_size: 0.2
    outs:
    - path: data/raw
      hash: md5
      md5: c0c2d65c14a603e91e029fda3c344a5c.dir
      size: 522262
      nfiles: 2
  data_preprocess:
    cmd: python src/data/data_prep.py
    deps:
    - path: data/raw
      hash: md5
      md5: c0c2d65c14a603e91e029fda3c344a5c.dir
      size: 522262
      nfiles: 2
    - path: src/data/data_prep.py
      hash: md5
      md5: b12974ee3742547e6c61690197f93b53
      size: 2001
    outs:
    - path: data/processed
      hash: md5
      md5: 0beb4adc62d83817b414bed6f535f487.dir
      size: 546895
      nfiles: 2
  model_building:
    cmd: python src/model/model_building.py
    deps:
    - path: data/processed
      hash: md5
      md5: 0beb4adc62d83817b414bed6f535f487.dir
      size: 546895
      nfiles: 2
    - path: src/model/model_building.py
      hash: md5
      md5: 27b9812c3121cada4a9b46a16df5c20a
      size: 2503
    params:
      params.yaml:
        model_building.n_estimators: 1000
    outs:
    - path: models/model.pkl
      hash: md5
      md5: 81992b6eeee42c7e0bedcc57a1d1b167
      size: 73633508
  model_evaluation:
    cmd: python src/model/model_eval.py
    deps:
    - path: data/processed
      hash: md5
      md5: 0beb4adc62d83817b414bed6f535f487.dir
      size: 546895
      nfiles: 2
    - path: models/model.pkl
      hash: md5
      md5: 81992b6eeee42c7e0bedcc57a1d1b167
      size: 73633508
    - path: src/model/model_eval.py
      hash: md5
      md5: ae7bd05755e7e0d83d26e333fdc363a1
      size: 2717
    outs:
    - path: reports/metrics.json
      hash: md5
      md5: c3e42360a0051f6878530cac0176791e
      size: 140
