schema: '2.0'
stages:
  data_collection:
    cmd: python src/data/data_collection.py
    deps:
    - path: src/data/data_collection.py
      hash: md5
      md5: 5f867db154251327b3d8f35a1de40192
      size: 2192
    params:
      params.yaml:
        data_collection.test_size: 0.2
    outs:
    - path: data/raw
      hash: md5
      md5: c0c2d65c14a603e91e029fda3c344a5c.dir
      size: 522262
      nfiles: 2
  data_preprocess:
    cmd: python src/data/data_prep.py
    deps:
    - path: data/raw
      hash: md5
      md5: c0c2d65c14a603e91e029fda3c344a5c.dir
      size: 522262
      nfiles: 2
    - path: src/data/data_prep.py
      hash: md5
      md5: 6391acf0f6bbd864224275727a0e5ac0
      size: 2007
    outs:
    - path: data/processed
      hash: md5
      md5: 50cb8001cd56bb2743fd3102227ab870.dir
      size: 546137
      nfiles: 2
  model_building:
    cmd: python src/model/model_building.py
    deps:
    - path: data/processed
      hash: md5
      md5: 50cb8001cd56bb2743fd3102227ab870.dir
      size: 546137
      nfiles: 2
    - path: src/model/model_building.py
      hash: md5
      md5: 1042490af8fed8196098006ce8c04777
      size: 2505
    params:
      params.yaml:
        model_building.n_estimators: 1500
    outs:
    - path: models/model.pkl
      hash: md5
      md5: eca69ea1b66e4f91199bf3e90aad147a
      size: 110360950
  model_evaluation:
    cmd: python src/model/model_eval.py
    deps:
    - path: data/processed
      hash: md5
      md5: 50cb8001cd56bb2743fd3102227ab870.dir
      size: 546137
      nfiles: 2
    - path: models/model.pkl
      hash: md5
      md5: eca69ea1b66e4f91199bf3e90aad147a
      size: 110360950
    - path: src/model/model_eval.py
      hash: md5
      md5: 8481d46b477a70e406587fb6a9b1ac4a
      size: 3176
    outs:
    - path: reports/metrics.json
      hash: md5
      md5: 3ffc798ec5f6a0c26deb9ceaae1872ef
      size: 139
